
Microsoft Visual Studio Solution File, Format Version 12.00
# Visual Studio Version 17
VisualStudioVersion = 17.0.31903.59
MinimumVisualStudioVersion = 10.0.40219.1
Project("{2150E333-8FDC-42A3-9474-1A3956D46DE8}") = "src", "src", "{827E0CD3-B72D-47B6-A68D-7590B98EB39B}"
EndProject
Project("{FAE04EC0-301F-11D3-BF4B-00C04F79EFBC}") = "Detara.Api", "src\Detara.Api\Detara.Api.csproj", "{4EE804B6-515C-4F80-AA4A-F549C8F5C14C}"
EndProject
Project("{FAE04EC0-301F-11D3-BF4B-00C04F79EFBC}") = "Detara.Application", "src\Detara.Application\Detara.Application.csproj", "{CF9E85E3-ED7F-4AA6-84E0-68DE094341B7}"
EndProject
Project("{FAE04EC0-301F-11D3-BF4B-00C04F79EFBC}") = "Detara.Domain", "src\Detara.Domain\Detara.Domain.csproj", "{6E78ACB0-E2FC-45C1-AE65-64C8F8725ABC}"
EndProject
Project("{FAE04EC0-301F-11D3-BF4B-00C04F79EFBC}") = "Detara.Infrastructure", "src\Detara.Infrastructure\Detara.Infrastructure.csproj", "{D7176BEE-697E-4DA9-B9F4-EE47893A12ED}"
EndProject
Project("{FAE04EC0-301F-11D3-BF4B-00C04F79EFBC}") = "Detara.Contracts", "src\Detara.Contracts\Detara.Contracts.csproj", "{79CDC240-5B57-4F86-B9B6-6F6F0A546128}"
EndProject
Project("{FAE04EC0-301F-11D3-BF4B-00C04F79EFBC}") = "Detara.Web", "src\Detara.Web\Detara.Web.csproj", "{2B5550AB-9B9C-44C7-B25E-0C08DDE8AB90}"
EndProject
Project("{2150E333-8FDC-42A3-9474-1A3956D46DE8}") = "tests", "tests", "{0AB3BF05-4346-4AA6-1389-037BE0695223}"
EndProject
Project("{FAE04EC0-301F-11D3-BF4B-00C04F79EFBC}") = "Detara.UnitTests", "tests\Detara.UnitTests\Detara.UnitTests.csproj", "{EE412D58-344E-4748-9731-A8DB52B7069C}"
EndProject
Project("{FAE04EC0-301F-11D3-BF4B-00C04F79EFBC}") = "Detara.IntegrationTests", "tests\Detara.IntegrationTests\Detara.IntegrationTests.csproj", "{EFA77A0D-C7FD-46D8-B954-A4B0B46FC395}"
EndProject
Global
	GlobalSection(SolutionConfigurationPlatforms) = preSolution
		Debug|Any CPU = Debug|Any CPU
		Debug|x64 = Debug|x64
		Debug|x86 = Debug|x86
		Release|Any CPU = Release|Any CPU
		Release|x64 = Release|x64
		Release|x86 = Release|x86
	EndGlobalSection
	GlobalSection(ProjectConfigurationPlatforms) = postSolution
		{4EE804B6-515C-4F80-AA4A-F549C8F5C14C}.Debug|Any CPU.ActiveCfg = Debug|Any CPU
		{4EE804B6-515C-4F80-AA4A-F549C8F5C14C}.Debug|Any CPU.Build.0 = Debug|Any CPU
		{4EE804B6-515C-4F80-AA4A-F549C8F5C14C}.Debug|x64.ActiveCfg = Debug|Any CPU
		{4EE804B6-515C-4F80-AA4A-F549C8F5C14C}.Debug|x64.Build.0 = Debug|Any CPU
		{4EE804B6-515C-4F80-AA4A-F549C8F5C14C}.Debug|x86.ActiveCfg = Debug|Any CPU
		{4EE804B6-515C-4F80-AA4A-F549C8F5C14C}.Debug|x86.Build.0 = Debug|Any CPU
		{4EE804B6-515C-4F80-AA4A-F549C8F5C14C}.Release|Any CPU.ActiveCfg = Release|Any CPU
		{4EE804B6-515C-4F80-AA4A-F549C8F5C14C}.Release|Any CPU.Build.0 = Release|Any CPU
		{4EE804B6-515C-4F80-AA4A-F549C8F5C14C}.Release|x64.ActiveCfg = Release|Any CPU
		{4EE804B6-515C-4F80-AA4A-F549C8F5C14C}.Release|x64.Build.0 = Release|Any CPU
		{4EE804B6-515C-4F80-AA4A-F549C8F5C14C}.Release|x86.ActiveCfg = Release|Any CPU
		{4EE804B6-515C-4F80-AA4A-F549C8F5C14C}.Release|x86.Build.0 = Release|Any CPU
		{CF9E85E3-ED7F-4AA6-84E0-68DE094341B7}.Debug|Any CPU.ActiveCfg = Debug|Any CPU
		{CF9E85E3-ED7F-4AA6-84E0-68DE094341B7}.Debug|Any CPU.Build.0 = Debug|Any CPU
		{CF9E85E3-ED7F-4AA6-84E0-68DE094341B7}.Debug|x64.ActiveCfg = Debug|Any CPU
		{CF9E85E3-ED7F-4AA6-84E0-68DE094341B7}.Debug|x64.Build.0 = Debug|Any CPU
		{CF9E85E3-ED7F-4AA6-84E0-68DE094341B7}.Debug|x86.ActiveCfg = Debug|Any CPU
		{CF9E85E3-ED7F-4AA6-84E0-68DE094341B7}.Debug|x86.Build.0 = Debug|Any CPU
		{CF9E85E3-ED7F-4AA6-84E0-68DE094341B7}.Release|Any CPU.ActiveCfg = Release|Any CPU
		{CF9E85E3-ED7F-4AA6-84E0-68DE094341B7}.Release|Any CPU.Build.0 = Release|Any CPU
		{CF9E85E3-ED7F-4AA6-84E0-68DE094341B7}.Release|x64.ActiveCfg = Release|Any CPU
		{CF9E85E3-ED7F-4AA6-84E0-68DE094341B7}.Release|x64.Build.0 = Release|Any CPU
		{CF9E85E3-ED7F-4AA6-84E0-68DE094341B7}.Release|x86.ActiveCfg = Release|Any CPU
		{CF9E85E3-ED7F-4AA6-84E0-68DE094341B7}.Release|x86.Build.0 = Release|Any CPU
		{6E78ACB0-E2FC-45C1-AE65-64C8F8725ABC}.Debug|Any CPU.ActiveCfg = Debug|Any CPU
		{6E78ACB0-E2FC-45C1-AE65-64C8F8725ABC}.Debug|Any CPU.Build.0 = Debug|Any CPU
		{6E78ACB0-E2FC-45C1-AE65-64C8F8725ABC}.Debug|x64.ActiveCfg = Debug|Any CPU
		{6E78ACB0-E2FC-45C1-AE65-64C8F8725ABC}.Debug|x64.Build.0 = Debug|Any CPU
		{6E78ACB0-E2FC-45C1-AE65-64C8F8725ABC}.Debug|x86.ActiveCfg = Debug|Any CPU
		{6E78ACB0-E2FC-45C1-AE65-64C8F8725ABC}.Debug|x86.Build.0 = Debug|Any CPU
		{6E78ACB0-E2FC-45C1-AE65-64C8F8725ABC}.Release|Any CPU.ActiveCfg = Release|Any CPU
		{6E78ACB0-E2FC-45C1-AE65-64C8F8725ABC}.Release|Any CPU.Build.0 = Release|Any CPU
		{6E78ACB0-E2FC-45C1-AE65-64C8F8725ABC}.Release|x64.ActiveCfg = Release|Any CPU
		{6E78ACB0-E2FC-45C1-AE65-64C8F8725ABC}.Release|x64.Build.0 = Release|Any CPU
		{6E78ACB0-E2FC-45C1-AE65-64C8F8725ABC}.Release|x86.ActiveCfg = Release|Any CPU
		{6E78ACB0-E2FC-45C1-AE65-64C8F8725ABC}.Release|x86.Build.0 = Release|Any CPU
		{D7176BEE-697E-4DA9-B9F4-EE47893A12ED}.Debug|Any CPU.ActiveCfg = Debug|Any CPU
		{D7176BEE-697E-4DA9-B9F4-EE47893A12ED}.Debug|Any CPU.Build.0 = Debug|Any CPU
		{D7176BEE-697E-4DA9-B9F4-EE47893A12ED}.Debug|x64.ActiveCfg = Debug|Any CPU
		{D7176BEE-697E-4DA9-B9F4-EE47893A12ED}.Debug|x64.Build.0 = Debug|Any CPU
		{D7176BEE-697E-4DA9-B9F4-EE47893A12ED}.Debug|x86.ActiveCfg = Debug|Any CPU
		{D7176BEE-697E-4DA9-B9F4-EE47893A12ED}.Debug|x86.Build.0 = Debug|Any CPU
		{D7176BEE-697E-4DA9-B9F4-EE47893A12ED}.Release|Any CPU.ActiveCfg = Release|Any CPU
		{D7176BEE-697E-4DA9-B9F4-EE47893A12ED}.Release|Any CPU.Build.0 = Release|Any CPU
		{D7176BEE-697E-4DA9-B9F4-EE47893A12ED}.Release|x64.ActiveCfg = Release|Any CPU
		{D7176BEE-697E-4DA9-B9F4-EE47893A12ED}.Release|x64.Build.0 = Release|Any CPU
		{D7176BEE-697E-4DA9-B9F4-EE47893A12ED}.Release|x86.ActiveCfg = Release|Any CPU
		{D7176BEE-697E-4DA9-B9F4-EE47893A12ED}.Release|x86.Build.0 = Release|Any CPU
		{79CDC240-5B57-4F86-B9B6-6F6F0A546128}.Debug|Any CPU.ActiveCfg = Debug|Any CPU
		{79CDC240-5B57-4F86-B9B6-6F6F0A546128}.Debug|Any CPU.Build.0 = Debug|Any CPU
		{79CDC240-5B57-4F86-B9B6-6F6F0A546128}.Debug|x64.ActiveCfg = Debug|Any CPU
		{79CDC240-5B57-4F86-B9B6-6F6F0A546128}.Debug|x64.Build.0 = Debug|Any CPU
		{79CDC240-5B57-4F86-B9B6-6F6F0A546128}.Debug|x86.ActiveCfg = Debug|Any CPU
		{79CDC240-5B57-4F86-B9B6-6F6F0A546128}.Debug|x86.Build.0 = Debug|Any CPU
		{79CDC240-5B57-4F86-B9B6-6F6F0A546128}.Release|Any CPU.ActiveCfg = Release|Any CPU
		{79CDC240-5B57-4F86-B9B6-6F6F0A546128}.Release|Any CPU.Build.0 = Release|Any CPU
		{79CDC240-5B57-4F86-B9B6-6F6F0A546128}.Release|x64.ActiveCfg = Release|Any CPU
		{79CDC240-5B57-4F86-B9B6-6F6F0A546128}.Release|x64.Build.0 = Release|Any CPU
		{79CDC240-5B57-4F86-B9B6-6F6F0A546128}.Release|x86.ActiveCfg = Release|Any CPU
		{79CDC240-5B57-4F86-B9B6-6F6F0A546128}.Release|x86.Build.0 = Release|Any CPU
		{2B5550AB-9B9C-44C7-B25E-0C08DDE8AB90}.Debug|Any CPU.ActiveCfg = Debug|Any CPU
		{2B5550AB-9B9C-44C7-B25E-0C08DDE8AB90}.Debug|Any CPU.Build.0 = Debug|Any CPU
		{2B5550AB-9B9C-44C7-B25E-0C08DDE8AB90}.Debug|x64.ActiveCfg = Debug|Any CPU
		{2B5550AB-9B9C-44C7-B25E-0C08DDE8AB90}.Debug|x64.Build.0 = Debug|Any CPU
		{2B5550AB-9B9C-44C7-B25E-0C08DDE8AB90}.Debug|x86.ActiveCfg = Debug|Any CPU
		{2B5550AB-9B9C-44C7-B25E-0C08DDE8AB90}.Debug|x86.Build.0 = Debug|Any CPU
		{2B5550AB-9B9C-44C7-B25E-0C08DDE8AB90}.Release|Any CPU.ActiveCfg = Release|Any CPU
		{2B5550AB-9B9C-44C7-B25E-0C08DDE8AB90}.Release|Any CPU.Build.0 = Release|Any CPU
		{2B5550AB-9B9C-44C7-B25E-0C08DDE8AB90}.Release|x64.ActiveCfg = Release|Any CPU
		{2B5550AB-9B9C-44C7-B25E-0C08DDE8AB90}.Release|x64.Build.0 = Release|Any CPU
		{2B5550AB-9B9C-44C7-B25E-0C08DDE8AB90}.Release|x86.ActiveCfg = Release|Any CPU
		{2B5550AB-9B9C-44C7-B25E-0C08DDE8AB90}.Release|x86.Build.0 = Release|Any CPU
		{EE412D58-344E-4748-9731-A8DB52B7069C}.Debug|Any CPU.ActiveCfg = Debug|Any CPU
		{EE412D58-344E-4748-9731-A8DB52B7069C}.Debug|Any CPU.Build.0 = Debug|Any CPU
		{EE412D58-344E-4748-9731-A8DB52B7069C}.Debug|x64.ActiveCfg = Debug|Any CPU
		{EE412D58-344E-4748-9731-A8DB52B7069C}.Debug|x64.Build.0 = Debug|Any CPU
		{EE412D58-344E-4748-9731-A8DB52B7069C}.Debug|x86.ActiveCfg = Debug|Any CPU
		{EE412D58-344E-4748-9731-A8DB52B7069C}.Debug|x86.Build.0 = Debug|Any CPU
		{EE412D58-344E-4748-9731-A8DB52B7069C}.Release|Any CPU.ActiveCfg = Release|Any CPU
		{EE412D58-344E-4748-9731-A8DB52B7069C}.Release|Any CPU.Build.0 = Release|Any CPU
		{EE412D58-344E-4748-9731-A8DB52B7069C}.Release|x64.ActiveCfg = Release|Any CPU
		{EE412D58-344E-4748-9731-A8DB52B7069C}.Release|x64.Build.0 = Release|Any CPU
		{EE412D58-344E-4748-9731-A8DB52B7069C}.Release|x86.ActiveCfg = Release|Any CPU
		{EE412D58-344E-4748-9731-A8DB52B7069C}.Release|x86.Build.0 = Release|Any CPU
		{EFA77A0D-C7FD-46D8-B954-A4B0B46FC395}.Debug|Any CPU.ActiveCfg = Debug|Any CPU
		{EFA77A0D-C7FD-46D8-B954-A4B0B46FC395}.Debug|Any CPU.Build.0 = Debug|Any CPU
		{EFA77A0D-C7FD-46D8-B954-A4B0B46FC395}.Debug|x64.ActiveCfg = Debug|Any CPU
		{EFA77A0D-C7FD-46D8-B954-A4B0B46FC395}.Debug|x64.Build.0 = Debug|Any CPU
		{EFA77A0D-C7FD-46D8-B954-A4B0B46FC395}.Debug|x86.ActiveCfg = Debug|Any CPU
		{EFA77A0D-C7FD-46D8-B954-A4B0B46FC395}.Debug|x86.Build.0 = Debug|Any CPU
		{EFA77A0D-C7FD-46D8-B954-A4B0B46FC395}.Release|Any CPU.ActiveCfg = Release|Any CPU
		{EFA77A0D-C7FD-46D8-B954-A4B0B46FC395}.Release|Any CPU.Build.0 = Release|Any CPU
		{EFA77A0D-C7FD-46D8-B954-A4B0B46FC395}.Release|x64.ActiveCfg = Release|Any CPU
		{EFA77A0D-C7FD-46D8-B954-A4B0B46FC395}.Release|x64.Build.0 = Release|Any CPU
		{EFA77A0D-C7FD-46D8-B954-A4B0B46FC395}.Release|x86.ActiveCfg = Release|Any CPU
		{EFA77A0D-C7FD-46D8-B954-A4B0B46FC395}.Release|x86.Build.0 = Release|Any CPU
	EndGlobalSection
	GlobalSection(SolutionProperties) = preSolution
		HideSolutionNode = FALSE
	EndGlobalSection
	GlobalSection(NestedProjects) = preSolution
		{4EE804B6-515C-4F80-AA4A-F549C8F5C14C} = {827E0CD3-B72D-47B6-A68D-7590B98EB39B}
		{CF9E85E3-ED7F-4AA6-84E0-68DE094341B7} = {827E0CD3-B72D-47B6-A68D-7590B98EB39B}
		{6E78ACB0-E2FC-45C1-AE65-64C8F8725ABC} = {827E0CD3-B72D-47B6-A68D-7590B98EB39B}
		{D7176BEE-697E-4DA9-B9F4-EE47893A12ED} = {827E0CD3-B72D-47B6-A68D-7590B98EB39B}
		{79CDC240-5B57-4F86-B9B6-6F6F0A546128} = {827E0CD3-B72D-47B6-A68D-7590B98EB39B}
		{2B5550AB-9B9C-44C7-B25E-0C08DDE8AB90} = {827E0CD3-B72D-47B6-A68D-7590B98EB39B}
		{EE412D58-344E-4748-9731-A8DB52B7069C} = {0AB3BF05-4346-4AA6-1389-037BE0695223}
		{EFA77A0D-C7FD-46D8-B954-A4B0B46FC395} = {0AB3BF05-4346-4AA6-1389-037BE0695223}
	EndGlobalSection
EndGlobal
